
Microsoft Visual Studio Solution File, Format Version 12.00
# Visual Studio Version 17
VisualStudioVersion = 17.0.31903.59
MinimumVisualStudioVersion = 10.0.40219.1
Project("{FAE04EC0-301F-11D3-BF4B-00C04F79EFBC}") = "Qodalis.Cli.Server", "Qodalis.Cli.Server\Qodalis.Cli.Server.csproj", "{A11FE737-7839-4392-AF71-662935585D72}"
EndProject
Global
	GlobalSection(SolutionConfigurationPlatforms) = preSolution
		Debug|Any CPU = Debug|Any CPU
		Release|Any CPU = Release|Any CPU
	EndGlobalSection
	GlobalSection(ProjectConfigurationPlatforms) = postSolution
		{A11FE737-7839-4392-AF71-662935585D72}.Debug|Any CPU.ActiveCfg = Debug|Any CPU
		{A11FE737-7839-4392-AF71-662935585D72}.Debug|Any CPU.Build.0 = Debug|Any CPU
		{A11FE737-7839-4392-AF71-662935585D72}.Release|Any CPU.ActiveCfg = Release|Any CPU
		{A11FE737-7839-4392-AF71-662935585D72}.Release|Any CPU.Build.0 = Release|Any CPU
	EndGlobalSection
	GlobalSection(SolutionProperties) = preSolution
		HideSolutionNode = FALSE
	EndGlobalSection
EndGlobal
