
Microsoft Visual Studio Solution File, Format Version 12.00
# Visual Studio Version 17
VisualStudioVersion = 17.0.31903.59
MinimumVisualStudioVersion = 10.0.40219.1
Project("{FAE04EC0-301F-11D3-BF4B-00C04F79EFBC}") = "Qodalis.Cli.Server", "Qodalis.Cli.Server\Qodalis.Cli.Server.csproj", "{A11FE737-7839-4392-AF71-662935585D72}"
EndProject
Project("{FAE04EC0-301F-11D3-BF4B-00C04F79EFBC}") = "Qodalis.Cli.Abstractions", "Qodalis.Cli.Abstractions\Qodalis.Cli.Abstractions.csproj", "{17CA8301-D9CE-40CC-93B3-5E07E8A07AEB}"
EndProject
Project("{FAE04EC0-301F-11D3-BF4B-00C04F79EFBC}") = "Qodalis.Cli", "Qodalis.Cli\Qodalis.Cli.csproj", "{16F379C4-82E0-4D1D-BCE9-6BFEABF6E1FC}"
EndProject
Project("{FAE04EC0-301F-11D3-BF4B-00C04F79EFBC}") = "Demo", "..\demo\Demo.csproj", "{08A78463-500B-41D1-9988-19E8C7B1BD00}"
EndProject
Project("{FAE04EC0-301F-11D3-BF4B-00C04F79EFBC}") = "Qodalis.Cli.Tests", "..\tests\Qodalis.Cli.Tests\Qodalis.Cli.Tests.csproj", "{03C906C2-4306-4203-A611-DE57CFE3B72C}"
EndProject
Project("{FAE04EC0-301F-11D3-BF4B-00C04F79EFBC}") = "Qodalis.Cli.Plugin.Weather", "..\plugins\weather\Qodalis.Cli.Plugin.Weather.csproj", "{B1234567-ABCD-1234-EFAB-123456789ABC}"
EndProject
Project("{FAE04EC0-301F-11D3-BF4B-00C04F79EFBC}") = "Qodalis.Cli.Plugin.FileSystem", "..\plugins\filesystem\Qodalis.Cli.Plugin.FileSystem.csproj", "{C2345678-BCDE-2345-FABC-234567890ABC}"
EndProject
Project("{FAE04EC0-301F-11D3-BF4B-00C04F79EFBC}") = "Qodalis.Cli.Plugin.FileSystem.Json", "..\plugins\filesystem-json\Qodalis.Cli.Plugin.FileSystem.Json.csproj", "{D3456789-CDEF-3456-ABCD-345678901ABC}"
EndProject
Project("{FAE04EC0-301F-11D3-BF4B-00C04F79EFBC}") = "Qodalis.Cli.Plugin.FileSystem.Sqlite", "..\plugins\filesystem-sqlite\Qodalis.Cli.Plugin.FileSystem.Sqlite.csproj", "{E4567890-DEFA-4567-BCDE-456789012ABC}"
EndProject
Project("{FAE04EC0-301F-11D3-BF4B-00C04F79EFBC}") = "Qodalis.Cli.Plugin.FileSystem.EfCore", "..\plugins\filesystem-efcore\Qodalis.Cli.Plugin.FileSystem.EfCore.csproj", "{F5678901-EFAB-5678-CDEF-567890123ABC}"
EndProject
Project("{FAE04EC0-301F-11D3-BF4B-00C04F79EFBC}") = "Qodalis.Cli.Plugin.FileSystem.S3", "..\plugins\filesystem-s3\Qodalis.Cli.Plugin.FileSystem.S3.csproj", "{A6789012-FABC-6789-DEFA-678901234ABC}"
EndProject
Project("{FAE04EC0-301F-11D3-BF4B-00C04F79EFBC}") = "Qodalis.Cli.Plugin.Jobs", "..\plugins\jobs\Qodalis.Cli.Plugin.Jobs.csproj", "{B7890123-ABCD-7890-EFAB-789012345ABC}"
EndProject
Project("{FAE04EC0-301F-11D3-BF4B-00C04F79EFBC}") = "Qodalis.Cli.Plugin.Jobs.EfCore", "..\plugins\jobs-efcore\Qodalis.Cli.Plugin.Jobs.EfCore.csproj", "{80921164-620F-4829-844C-002E3A64F642}"
EndProject
Project("{FAE04EC0-301F-11D3-BF4B-00C04F79EFBC}") = "Qodalis.Cli.Plugin.Admin", "..\plugins\admin\Qodalis.Cli.Plugin.Admin.csproj", "{F2C006B2-04A0-4494-B7A0-3B24959868D0}"
EndProject
Global
	GlobalSection(SolutionConfigurationPlatforms) = preSolution
		Debug|Any CPU = Debug|Any CPU
		Release|Any CPU = Release|Any CPU
	EndGlobalSection
	GlobalSection(ProjectConfigurationPlatforms) = postSolution
		{A11FE737-7839-4392-AF71-662935585D72}.Debug|Any CPU.ActiveCfg = Debug|Any CPU
		{A11FE737-7839-4392-AF71-662935585D72}.Debug|Any CPU.Build.0 = Debug|Any CPU
		{A11FE737-7839-4392-AF71-662935585D72}.Release|Any CPU.ActiveCfg = Release|Any CPU
		{A11FE737-7839-4392-AF71-662935585D72}.Release|Any CPU.Build.0 = Release|Any CPU
		{17CA8301-D9CE-40CC-93B3-5E07E8A07AEB}.Debug|Any CPU.ActiveCfg = Debug|Any CPU
		{17CA8301-D9CE-40CC-93B3-5E07E8A07AEB}.Debug|Any CPU.Build.0 = Debug|Any CPU
		{17CA8301-D9CE-40CC-93B3-5E07E8A07AEB}.Release|Any CPU.ActiveCfg = Release|Any CPU
		{17CA8301-D9CE-40CC-93B3-5E07E8A07AEB}.Release|Any CPU.Build.0 = Release|Any CPU
		{16F379C4-82E0-4D1D-BCE9-6BFEABF6E1FC}.Debug|Any CPU.ActiveCfg = Debug|Any CPU
		{16F379C4-82E0-4D1D-BCE9-6BFEABF6E1FC}.Debug|Any CPU.Build.0 = Debug|Any CPU
		{16F379C4-82E0-4D1D-BCE9-6BFEABF6E1FC}.Release|Any CPU.ActiveCfg = Release|Any CPU
		{16F379C4-82E0-4D1D-BCE9-6BFEABF6E1FC}.Release|Any CPU.Build.0 = Release|Any CPU
		{08A78463-500B-41D1-9988-19E8C7B1BD00}.Debug|Any CPU.ActiveCfg = Debug|Any CPU
		{08A78463-500B-41D1-9988-19E8C7B1BD00}.Debug|Any CPU.Build.0 = Debug|Any CPU
		{08A78463-500B-41D1-9988-19E8C7B1BD00}.Release|Any CPU.ActiveCfg = Release|Any CPU
		{08A78463-500B-41D1-9988-19E8C7B1BD00}.Release|Any CPU.Build.0 = Release|Any CPU
		{03C906C2-4306-4203-A611-DE57CFE3B72C}.Debug|Any CPU.ActiveCfg = Debug|Any CPU
		{03C906C2-4306-4203-A611-DE57CFE3B72C}.Debug|Any CPU.Build.0 = Debug|Any CPU
		{03C906C2-4306-4203-A611-DE57CFE3B72C}.Release|Any CPU.ActiveCfg = Release|Any CPU
		{03C906C2-4306-4203-A611-DE57CFE3B72C}.Release|Any CPU.Build.0 = Release|Any CPU
		{B1234567-ABCD-1234-EFAB-123456789ABC}.Debug|Any CPU.ActiveCfg = Debug|Any CPU
		{B1234567-ABCD-1234-EFAB-123456789ABC}.Debug|Any CPU.Build.0 = Debug|Any CPU
		{B1234567-ABCD-1234-EFAB-123456789ABC}.Release|Any CPU.ActiveCfg = Release|Any CPU
		{B1234567-ABCD-1234-EFAB-123456789ABC}.Release|Any CPU.Build.0 = Release|Any CPU
		{C2345678-BCDE-2345-FABC-234567890ABC}.Debug|Any CPU.ActiveCfg = Debug|Any CPU
		{C2345678-BCDE-2345-FABC-234567890ABC}.Debug|Any CPU.Build.0 = Debug|Any CPU
		{C2345678-BCDE-2345-FABC-234567890ABC}.Release|Any CPU.ActiveCfg = Release|Any CPU
		{C2345678-BCDE-2345-FABC-234567890ABC}.Release|Any CPU.Build.0 = Release|Any CPU
		{D3456789-CDEF-3456-ABCD-345678901ABC}.Debug|Any CPU.ActiveCfg = Debug|Any CPU
		{D3456789-CDEF-3456-ABCD-345678901ABC}.Debug|Any CPU.Build.0 = Debug|Any CPU
		{D3456789-CDEF-3456-ABCD-345678901ABC}.Release|Any CPU.ActiveCfg = Release|Any CPU
		{D3456789-CDEF-3456-ABCD-345678901ABC}.Release|Any CPU.Build.0 = Release|Any CPU
		{E4567890-DEFA-4567-BCDE-456789012ABC}.Debug|Any CPU.ActiveCfg = Debug|Any CPU
		{E4567890-DEFA-4567-BCDE-456789012ABC}.Debug|Any CPU.Build.0 = Debug|Any CPU
		{E4567890-DEFA-4567-BCDE-456789012ABC}.Release|Any CPU.ActiveCfg = Release|Any CPU
		{E4567890-DEFA-4567-BCDE-456789012ABC}.Release|Any CPU.Build.0 = Release|Any CPU
		{F5678901-EFAB-5678-CDEF-567890123ABC}.Debug|Any CPU.ActiveCfg = Debug|Any CPU
		{F5678901-EFAB-5678-CDEF-567890123ABC}.Debug|Any CPU.Build.0 = Debug|Any CPU
		{F5678901-EFAB-5678-CDEF-567890123ABC}.Release|Any CPU.ActiveCfg = Release|Any CPU
		{F5678901-EFAB-5678-CDEF-567890123ABC}.Release|Any CPU.Build.0 = Release|Any CPU
		{A6789012-FABC-6789-DEFA-678901234ABC}.Debug|Any CPU.ActiveCfg = Debug|Any CPU
		{A6789012-FABC-6789-DEFA-678901234ABC}.Debug|Any CPU.Build.0 = Debug|Any CPU
		{A6789012-FABC-6789-DEFA-678901234ABC}.Release|Any CPU.ActiveCfg = Release|Any CPU
		{A6789012-FABC-6789-DEFA-678901234ABC}.Release|Any CPU.Build.0 = Release|Any CPU
		{B7890123-ABCD-7890-EFAB-789012345ABC}.Debug|Any CPU.ActiveCfg = Debug|Any CPU
		{B7890123-ABCD-7890-EFAB-789012345ABC}.Debug|Any CPU.Build.0 = Debug|Any CPU
		{B7890123-ABCD-7890-EFAB-789012345ABC}.Release|Any CPU.ActiveCfg = Release|Any CPU
		{B7890123-ABCD-7890-EFAB-789012345ABC}.Release|Any CPU.Build.0 = Release|Any CPU
		{80921164-620F-4829-844C-002E3A64F642}.Debug|Any CPU.ActiveCfg = Debug|Any CPU
		{80921164-620F-4829-844C-002E3A64F642}.Debug|Any CPU.Build.0 = Debug|Any CPU
		{80921164-620F-4829-844C-002E3A64F642}.Release|Any CPU.ActiveCfg = Release|Any CPU
		{80921164-620F-4829-844C-002E3A64F642}.Release|Any CPU.Build.0 = Release|Any CPU
		{F2C006B2-04A0-4494-B7A0-3B24959868D0}.Debug|Any CPU.ActiveCfg = Debug|Any CPU
		{F2C006B2-04A0-4494-B7A0-3B24959868D0}.Debug|Any CPU.Build.0 = Debug|Any CPU
		{F2C006B2-04A0-4494-B7A0-3B24959868D0}.Release|Any CPU.ActiveCfg = Release|Any CPU
		{F2C006B2-04A0-4494-B7A0-3B24959868D0}.Release|Any CPU.Build.0 = Release|Any CPU
	EndGlobalSection
	GlobalSection(SolutionProperties) = preSolution
		HideSolutionNode = FALSE
	EndGlobalSection
	GlobalSection(ExtensibilityGlobals) = postSolution
		SolutionGuid = {1F2FBA77-E61C-4EFB-937F-AA239D6A38CF}
	EndGlobalSection
EndGlobal
